{
  "nodes": {
    "nixpkgs": {
      "locked": {
        "lastModified": 1711508364,
        "narHash": "sha256-MSqMNCiuo7p72ChxEMjFOcrENKgYpnF23nWInicM61k=",
        "owner": "NixOS",
        "repo": "nixpkgs",
        "rev": "42eb76d2c49101eb85f51cd81ac6c231a48a659a",
        "type": "github"
      },
      "original": {
        "owner": "NixOS",
        "repo": "nixpkgs",
        "type": "github"
      }
    },
    "root": {
      "inputs": {
        "nixpkgs": "nixpkgs"
      }
    }
  },
  "root": "root",
  "version": 7
}
