{
  "nodes": {
    "nixpkgs": {
      "locked": {
        "lastModified": 1700844339,
        "narHash": "sha256-VRlPYk0eRn1ao75hoA99LGehYhxZH5RlkP1YXpVROHM=",
        "owner": "NixOS",
        "repo": "nixpkgs",
        "rev": "33576fdfce2d11204067d6cfa99a2f990ef2169a",
        "type": "github"
      },
      "original": {
        "owner": "NixOS",
        "repo": "nixpkgs",
        "type": "github"
      }
    },
    "root": {
      "inputs": {
        "nixpkgs": "nixpkgs"
      }
    }
  },
  "root": "root",
  "version": 7
}
