{
  "nodes": {
    "nixpkgs": {
      "locked": {
        "lastModified": 1703768052,
        "narHash": "sha256-emeYtmbKP8Ush3iLStALa3dJbzEAn7s2Uy7sUYYFfrc=",
        "owner": "NixOS",
        "repo": "nixpkgs",
        "rev": "f905612af6a70182e52be69e883f85477bd853e5",
        "type": "github"
      },
      "original": {
        "owner": "NixOS",
        "repo": "nixpkgs",
        "type": "github"
      }
    },
    "root": {
      "inputs": {
        "nixpkgs": "nixpkgs"
      }
    }
  },
  "root": "root",
  "version": 7
}
